
Microsoft Visual Studio Solution File, Format Version 12.00
# Visual Studio Version 17
VisualStudioVersion = 17.9.34607.119
MinimumVisualStudioVersion = 10.0.40219.1
Project("{FAE04EC0-301F-11D3-BF4B-00C04F79EFBC}") = "Hart_Task1", "Hart_Task1\Hart_Task1.csproj", "{2EDB47E3-53B2-443F-A8E7-C21A6D5480B5}"
EndProject
Global
	GlobalSection(SolutionConfigurationPlatforms) = preSolution
		Debug|Any CPU = Debug|Any CPU
		Release|Any CPU = Release|Any CPU
	EndGlobalSection
	GlobalSection(ProjectConfigurationPlatforms) = postSolution
		{2EDB47E3-53B2-443F-A8E7-C21A6D5480B5}.Debug|Any CPU.ActiveCfg = Debug|Any CPU
		{2EDB47E3-53B2-443F-A8E7-C21A6D5480B5}.Debug|Any CPU.Build.0 = Debug|Any CPU
		{2EDB47E3-53B2-443F-A8E7-C21A6D5480B5}.Release|Any CPU.ActiveCfg = Release|Any CPU
		{2EDB47E3-53B2-443F-A8E7-C21A6D5480B5}.Release|Any CPU.Build.0 = Release|Any CPU
	EndGlobalSection
	GlobalSection(SolutionProperties) = preSolution
		HideSolutionNode = FALSE
	EndGlobalSection
	GlobalSection(ExtensibilityGlobals) = postSolution
		SolutionGuid = {FBAF573A-D9DC-4214-9D9F-45993D09A784}
	EndGlobalSection
EndGlobal
